repo=https://github.com/Saiant03/Skills.git
commit=64abace7418ab68f2379b62b321ce93f4d4aacc8
skills=animate animate-expo animation-vocabulary apple-design ask-sonner awesome-design-md babysit banner-design brand brandkit ccs-align cloud-sync design design-is design-system design-taste-frontend design-taste-frontend-v1 dev do emil-design-eng find-animation-opportunities frontend-design full-output-enforcement gpt-taste headroom high-end-visual-design how-it-works image-to-code imagegen-frontend-mobile imagegen-frontend-web img2threejs impeccable improve-animations industrial-brutalist-ui knowledge-agent learn-codebase make-plan mem-search mem-setup minimalist-ui mobile-native mode-creator oh-my-issues pathfinder pick-ui-library playwright-cli ponytail ponytail-audit ponytail-debt ponytail-gain ponytail-help ponytail-review prototype redesign-existing-projects review-animations slides smart-explore standup stitch-design-taste task-observer timeline-report ui-styling ui-ux-pro-max version-bump web-design-guidelines weekly-digests what-the wowerpoint write-swift
